// !$*UTF8*$!
{
	archiveVersion = 1;
	classes = {
	};
	objectVersion = 56;
	objects = {

/* Begin PBXBuildFile section */
		A372735D29FAD7E100CC25B2 /* AppDelegate.swift in Sources */ = {isa = PBXBuildFile; fileRef = A372735C29FAD7E100CC25B2 /* AppDelegate.swift */; };
		A372735F29FAD7E100CC25B2 /* SceneDelegate.swift in Sources */ = {isa = PBXBuildFile; fileRef = A372735E29FAD7E100CC25B2 /* SceneDelegate.swift */; };
		A372736729FAD7E100CC25B2 /* MarvelApp.xcdatamodeld in Sources */ = {isa = PBXBuildFile; fileRef = A372736529FAD7E100CC25B2 /* MarvelApp.xcdatamodeld */; };
		A372736929FAD7E200CC25B2 /* Assets.xcassets in Resources */ = {isa = PBXBuildFile; fileRef = A372736829FAD7E200CC25B2 /* Assets.xcassets */; };
		A372736C29FAD7E200CC25B2 /* LaunchScreen.storyboard in Resources */ = {isa = PBXBuildFile; fileRef = A372736A29FAD7E200CC25B2 /* LaunchScreen.storyboard */; };
		A372737729FAD7E200CC25B2 /* MarvelAppTests.swift in Sources */ = {isa = PBXBuildFile; fileRef = A372737629FAD7E200CC25B2 /* MarvelAppTests.swift */; };
		A372738129FAD7E200CC25B2 /* MarvelAppUITests.swift in Sources */ = {isa = PBXBuildFile; fileRef = A372738029FAD7E200CC25B2 /* MarvelAppUITests.swift */; };
		A372738329FAD7E200CC25B2 /* MarvelAppUITestsLaunchTests.swift in Sources */ = {isa = PBXBuildFile; fileRef = A372738229FAD7E200CC25B2 /* MarvelAppUITestsLaunchTests.swift */; };
		A372739729FAD81500CC25B2 /* HomeViewController.swift in Sources */ = {isa = PBXBuildFile; fileRef = A372739429FAD81500CC25B2 /* HomeViewController.swift */; };
		A372739829FAD81500CC25B2 /* HomeView.swift in Sources */ = {isa = PBXBuildFile; fileRef = A372739529FAD81500CC25B2 /* HomeView.swift */; };
		A372739929FAD81500CC25B2 /* HomeViewModel.swift in Sources */ = {isa = PBXBuildFile; fileRef = A372739629FAD81500CC25B2 /* HomeViewModel.swift */; };
/* End PBXBuildFile section */

/* Begin PBXContainerItemProxy section */
		A372737329FAD7E200CC25B2 /* PBXContainerItemProxy */ = {
			isa = PBXContainerItemProxy;
			containerPortal = A372735129FAD7E100CC25B2 /* Project object */;
			proxyType = 1;
			remoteGlobalIDString = A372735829FAD7E100CC25B2;
			remoteInfo = MarvelApp;
		};
		A372737D29FAD7E200CC25B2 /* PBXContainerItemProxy */ = {
			isa = PBXContainerItemProxy;
			containerPortal = A372735129FAD7E100CC25B2 /* Project object */;
			proxyType = 1;
			remoteGlobalIDString = A372735829FAD7E100CC25B2;
			remoteInfo = MarvelApp;
		};
/* End PBXContainerItemProxy section */

/* Begin PBXFileReference section */
		A372735929FAD7E100CC25B2 /* MarvelApp.app */ = {isa = PBXFileReference; explicitFileType = wrapper.application; includeInIndex = 0; path = MarvelApp.app; sourceTree = BUILT_PRODUCTS_DIR; };
		A372735C29FAD7E100CC25B2 /* AppDelegate.swift */ = {isa = PBXFileReference; lastKnownFileType = sourcecode.swift; path = AppDelegate.swift; sourceTree = "<group>"; };
		A372735E29FAD7E100CC25B2 /* SceneDelegate.swift */ = {isa = PBXFileReference; lastKnownFileType = sourcecode.swift; path = SceneDelegate.swift; sourceTree = "<group>"; };
		A372736629FAD7E100CC25B2 /* MarvelApp.xcdatamodel */ = {isa = PBXFileReference; lastKnownFileType = wrapper.xcdatamodel; path = MarvelApp.xcdatamodel; sourceTree = "<group>"; };
		A372736829FAD7E200CC25B2 /* Assets.xcassets */ = {isa = PBXFileReference; lastKnownFileType = folder.assetcatalog; path = Assets.xcassets; sourceTree = "<group>"; };
		A372736B29FAD7E200CC25B2 /* Base */ = {isa = PBXFileReference; lastKnownFileType = file.storyboard; name = Base; path = Base.lproj/LaunchScreen.storyboard; sourceTree = "<group>"; };
		A372736D29FAD7E200CC25B2 /* Info.plist */ = {isa = PBXFileReference; lastKnownFileType = text.plist.xml; path = Info.plist; sourceTree = "<group>"; };
		A372737229FAD7E200CC25B2 /* MarvelAppTests.xctest */ = {isa = PBXFileReference; explicitFileType = wrapper.cfbundle; includeInIndex = 0; path = MarvelAppTests.xctest; sourceTree = BUILT_PRODUCTS_DIR; };
		A372737629FAD7E200CC25B2 /* MarvelAppTests.swift */ = {isa = PBXFileReference; lastKnownFileType = sourcecode.swift; path = MarvelAppTests.swift; sourceTree = "<group>"; };
		A372737C29FAD7E200CC25B2 /* MarvelAppUITests.xctest */ = {isa = PBXFileReference; explicitFileType = wrapper.cfbundle; includeInIndex = 0; path = MarvelAppUITests.xctest; sourceTree = BUILT_PRODUCTS_DIR; };
		A372738029FAD7E200CC25B2 /* MarvelAppUITests.swift */ = {isa = PBXFileReference; lastKnownFileType = sourcecode.swift; path = MarvelAppUITests.swift; sourceTree = "<group>"; };
		A372738229FAD7E200CC25B2 /* MarvelAppUITestsLaunchTests.swift */ = {isa = PBXFileReference; lastKnownFileType = sourcecode.swift; path = MarvelAppUITestsLaunchTests.swift; sourceTree = "<group>"; };
		A372739429FAD81500CC25B2 /* HomeViewController.swift */ = {isa = PBXFileReference; lastKnownFileType = sourcecode.swift; path = HomeViewController.swift; sourceTree = "<group>"; };
		A372739529FAD81500CC25B2 /* HomeView.swift */ = {isa = PBXFileReference; lastKnownFileType = sourcecode.swift; path = HomeView.swift; sourceTree = "<group>"; };
		A372739629FAD81500CC25B2 /* HomeViewModel.swift */ = {isa = PBXFileReference; lastKnownFileType = sourcecode.swift; path = HomeViewModel.swift; sourceTree = "<group>"; };
/* End PBXFileReference section */

/* Begin PBXFrameworksBuildPhase section */
		A372735629FAD7E100CC25B2 /* Frameworks */ = {
			isa = PBXFrameworksBuildPhase;
			buildActionMask = 2147483647;
			files = (
			);
			runOnlyForDeploymentPostprocessing = 0;
		};
		A372736F29FAD7E200CC25B2 /* Frameworks */ = {
			isa = PBXFrameworksBuildPhase;
			buildActionMask = 2147483647;
			files = (
			);
			runOnlyForDeploymentPostprocessing = 0;
		};
		A372737929FAD7E200CC25B2 /* Frameworks */ = {
			isa = PBXFrameworksBuildPhase;
			buildActionMask = 2147483647;
			files = (
			);
			runOnlyForDeploymentPostprocessing = 0;
		};
/* End PBXFrameworksBuildPhase section */

/* Begin PBXGroup section */
		A372735029FAD7E100CC25B2 = {
			isa = PBXGroup;
			children = (
				A372735B29FAD7E100CC25B2 /* MarvelApp */,
				A372737529FAD7E200CC25B2 /* MarvelAppTests */,
				A372737F29FAD7E200CC25B2 /* MarvelAppUITests */,
				A372735A29FAD7E100CC25B2 /* Products */,
			);
			sourceTree = "<group>";
		};
		A372735A29FAD7E100CC25B2 /* Products */ = {
			isa = PBXGroup;
			children = (
				A372735929FAD7E100CC25B2 /* MarvelApp.app */,
				A372737229FAD7E200CC25B2 /* MarvelAppTests.xctest */,
				A372737C29FAD7E200CC25B2 /* MarvelAppUITests.xctest */,
			);
			name = Products;
			sourceTree = "<group>";
		};
		A372735B29FAD7E100CC25B2 /* MarvelApp */ = {
			isa = PBXGroup;
			children = (
				A372738F29FAD7E700CC25B2 /* Application */,
				A372739029FAD7F700CC25B2 /* Core Data */,
				A372739129FAD80000CC25B2 /* Features */,
				A372739229FAD80400CC25B2 /* Resources */,
				A372736D29FAD7E200CC25B2 /* Info.plist */,
			);
			path = MarvelApp;
			sourceTree = "<group>";
		};
		A372737529FAD7E200CC25B2 /* MarvelAppTests */ = {
			isa = PBXGroup;
			children = (
				A372737629FAD7E200CC25B2 /* MarvelAppTests.swift */,
			);
			path = MarvelAppTests;
			sourceTree = "<group>";
		};
		A372737F29FAD7E200CC25B2 /* MarvelAppUITests */ = {
			isa = PBXGroup;
			children = (
				A372738029FAD7E200CC25B2 /* MarvelAppUITests.swift */,
				A372738229FAD7E200CC25B2 /* MarvelAppUITestsLaunchTests.swift */,
			);
			path = MarvelAppUITests;
			sourceTree = "<group>";
		};
		A372738F29FAD7E700CC25B2 /* Application */ = {
			isa = PBXGroup;
			children = (
				A372735C29FAD7E100CC25B2 /* AppDelegate.swift */,
				A372735E29FAD7E100CC25B2 /* SceneDelegate.swift */,
			);
			path = Application;
			sourceTree = "<group>";
		};
		A372739029FAD7F700CC25B2 /* Core Data */ = {
			isa = PBXGroup;
			children = (
				A372736529FAD7E100CC25B2 /* MarvelApp.xcdatamodeld */,
			);
			path = "Core Data";
			sourceTree = "<group>";
		};
		A372739129FAD80000CC25B2 /* Features */ = {
			isa = PBXGroup;
			children = (
				A372739329FAD80E00CC25B2 /* Home */,
			);
			path = Features;
			sourceTree = "<group>";
		};
		A372739229FAD80400CC25B2 /* Resources */ = {
			isa = PBXGroup;
			children = (
				A372736829FAD7E200CC25B2 /* Assets.xcassets */,
				A372736A29FAD7E200CC25B2 /* LaunchScreen.storyboard */,
			);
			path = Resources;
			sourceTree = "<group>";
		};
		A372739329FAD80E00CC25B2 /* Home */ = {
			isa = PBXGroup;
			children = (
				A372739429FAD81500CC25B2 /* HomeViewController.swift */,
				A372739529FAD81500CC25B2 /* HomeView.swift */,
				A372739629FAD81500CC25B2 /* HomeViewModel.swift */,
			);
			path = Home;
			sourceTree = "<group>";
		};
/* End PBXGroup section */

/* Begin PBXNativeTarget section */
		A372735829FAD7E100CC25B2 /* MarvelApp */ = {
			isa = PBXNativeTarget;
			buildConfigurationList = A372738629FAD7E200CC25B2 /* Build configuration list for PBXNativeTarget "MarvelApp" */;
			buildPhases = (
				A372735529FAD7E100CC25B2 /* Sources */,
				A372735629FAD7E100CC25B2 /* Frameworks */,
				A372735729FAD7E100CC25B2 /* Resources */,
			);
			buildRules = (
			);
			dependencies = (
			);
			name = MarvelApp;
			productName = MarvelApp;
			productReference = A372735929FAD7E100CC25B2 /* MarvelApp.app */;
			productType = "com.apple.product-type.application";
		};
		A372737129FAD7E200CC25B2 /* MarvelAppTests */ = {
			isa = PBXNativeTarget;
			buildConfigurationList = A372738929FAD7E200CC25B2 /* Build configuration list for PBXNativeTarget "MarvelAppTests" */;
			buildPhases = (
				A372736E29FAD7E200CC25B2 /* Sources */,
				A372736F29FAD7E200CC25B2 /* Frameworks */,
				A372737029FAD7E200CC25B2 /* Resources */,
			);
			buildRules = (
			);
			dependencies = (
				A372737429FAD7E200CC25B2 /* PBXTargetDependency */,
			);
			name = MarvelAppTests;
			productName = MarvelAppTests;
			productReference = A372737229FAD7E200CC25B2 /* MarvelAppTests.xctest */;
			productType = "com.apple.product-type.bundle.unit-test";
		};
		A372737B29FAD7E200CC25B2 /* MarvelAppUITests */ = {
			isa = PBXNativeTarget;
			buildConfigurationList = A372738C29FAD7E200CC25B2 /* Build configuration list for PBXNativeTarget "MarvelAppUITests" */;
			buildPhases = (
				A372737829FAD7E200CC25B2 /* Sources */,
				A372737929FAD7E200CC25B2 /* Frameworks */,
				A372737A29FAD7E200CC25B2 /* Resources */,
			);
			buildRules = (
			);
			dependencies = (
				A372737E29FAD7E200CC25B2 /* PBXTargetDependency */,
			);
			name = MarvelAppUITests;
			productName = MarvelAppUITests;
			productReference = A372737C29FAD7E200CC25B2 /* MarvelAppUITests.xctest */;
			productType = "com.apple.product-type.bundle.ui-testing";
		};
/* End PBXNativeTarget section */

/* Begin PBXProject section */
		A372735129FAD7E100CC25B2 /* Project object */ = {
			isa = PBXProject;
			attributes = {
				BuildIndependentTargetsInParallel = 1;
				LastSwiftUpdateCheck = 1430;
				LastUpgradeCheck = 1430;
				TargetAttributes = {
					A372735829FAD7E100CC25B2 = {
						CreatedOnToolsVersion = 14.3;
					};
					A372737129FAD7E200CC25B2 = {
						CreatedOnToolsVersion = 14.3;
						TestTargetID = A372735829FAD7E100CC25B2;
					};
					A372737B29FAD7E200CC25B2 = {
						CreatedOnToolsVersion = 14.3;
						TestTargetID = A372735829FAD7E100CC25B2;
					};
				};
			};
			buildConfigurationList = A372735429FAD7E100CC25B2 /* Build configuration list for PBXProject "MarvelApp" */;
			compatibilityVersion = "Xcode 14.0";
			developmentRegion = en;
			hasScannedForEncodings = 0;
			knownRegions = (
				en,
				Base,
			);
			mainGroup = A372735029FAD7E100CC25B2;
			productRefGroup = A372735A29FAD7E100CC25B2 /* Products */;
			projectDirPath = "";
			projectRoot = "";
			targets = (
				A372735829FAD7E100CC25B2 /* MarvelApp */,
				A372737129FAD7E200CC25B2 /* MarvelAppTests */,
				A372737B29FAD7E200CC25B2 /* MarvelAppUITests */,
			);
		};
/* End PBXProject section */

/* Begin PBXResourcesBuildPhase section */
		A372735729FAD7E100CC25B2 /* Resources */ = {
			isa = PBXResourcesBuildPhase;
			buildActionMask = 2147483647;
			files = (
				A372736C29FAD7E200CC25B2 /* LaunchScreen.storyboard in Resources */,
				A372736929FAD7E200CC25B2 /* Assets.xcassets in Resources */,
			);
			runOnlyForDeploymentPostprocessing = 0;
		};
		A372737029FAD7E200CC25B2 /* Resources */ = {
			isa = PBXResourcesBuildPhase;
			buildActionMask = 2147483647;
			files = (
			);
			runOnlyForDeploymentPostprocessing = 0;
		};
		A372737A29FAD7E200CC25B2 /* Resources */ = {
			isa = PBXResourcesBuildPhase;
			buildActionMask = 2147483647;
			files = (
			);
			runOnlyForDeploymentPostprocessing = 0;
		};
/* End PBXResourcesBuildPhase section */

/* Begin PBXSourcesBuildPhase section */
		A372735529FAD7E100CC25B2 /* Sources */ = {
			isa = PBXSourcesBuildPhase;
			buildActionMask = 2147483647;
			files = (
				A372735D29FAD7E100CC25B2 /* AppDelegate.swift in Sources */,
				A372739929FAD81500CC25B2 /* HomeViewModel.swift in Sources */,
				A372736729FAD7E100CC25B2 /* MarvelApp.xcdatamodeld in Sources */,
				A372735F29FAD7E100CC25B2 /* SceneDelegate.swift in Sources */,
				A372739829FAD81500CC25B2 /* HomeView.swift in Sources */,
				A372739729FAD81500CC25B2 /* HomeViewController.swift in Sources */,
			);
			runOnlyForDeploymentPostprocessing = 0;
		};
		A372736E29FAD7E200CC25B2 /* Sources */ = {
			isa = PBXSourcesBuildPhase;
			buildActionMask = 2147483647;
			files = (
				A372737729FAD7E200CC25B2 /* MarvelAppTests.swift in Sources */,
			);
			runOnlyForDeploymentPostprocessing = 0;
		};
		A372737829FAD7E200CC25B2 /* Sources */ = {
			isa = PBXSourcesBuildPhase;
			buildActionMask = 2147483647;
			files = (
				A372738129FAD7E200CC25B2 /* MarvelAppUITests.swift in Sources */,
				A372738329FAD7E200CC25B2 /* MarvelAppUITestsLaunchTests.swift in Sources */,
			);
			runOnlyForDeploymentPostprocessing = 0;
		};
/* End PBXSourcesBuildPhase section */

/* Begin PBXTargetDependency section */
		A372737429FAD7E200CC25B2 /* PBXTargetDependency */ = {
			isa = PBXTargetDependency;
			target = A372735829FAD7E100CC25B2 /* MarvelApp */;
			targetProxy = A372737329FAD7E200CC25B2 /* PBXContainerItemProxy */;
		};
		A372737E29FAD7E200CC25B2 /* PBXTargetDependency */ = {
			isa = PBXTargetDependency;
			target = A372735829FAD7E100CC25B2 /* MarvelApp */;
			targetProxy = A372737D29FAD7E200CC25B2 /* PBXContainerItemProxy */;
		};
/* End PBXTargetDependency section */

/* Begin PBXVariantGroup section */
		A372736A29FAD7E200CC25B2 /* LaunchScreen.storyboard */ = {
			isa = PBXVariantGroup;
			children = (
				A372736B29FAD7E200CC25B2 /* Base */,
			);
			name = LaunchScreen.storyboard;
			sourceTree = "<group>";
		};
/* End PBXVariantGroup section */

/* Begin XCBuildConfiguration section */
		A372738429FAD7E200CC25B2 /* Debug */ = {
			isa = XCBuildConfiguration;
			buildSettings = {
				ALWAYS_SEARCH_USER_PATHS = NO;
				CLANG_ANALYZER_NONNULL = YES;
				CLANG_ANALYZER_NUMBER_OBJECT_CONVERSION = YES_AGGRESSIVE;
				CLANG_CXX_LANGUAGE_STANDARD = "gnu++20";
				CLANG_ENABLE_MODULES = YES;
				CLANG_ENABLE_OBJC_ARC = YES;
				CLANG_ENABLE_OBJC_WEAK = YES;
				CLANG_WARN_BLOCK_CAPTURE_AUTORELEASING = YES;
				CLANG_WARN_BOOL_CONVERSION = YES;
				CLANG_WARN_COMMA = YES;
				CLANG_WARN_CONSTANT_CONVERSION = YES;
				CLANG_WARN_DEPRECATED_OBJC_IMPLEMENTATIONS = YES;
				CLANG_WARN_DIRECT_OBJC_ISA_USAGE = YES_ERROR;
				CLANG_WARN_DOCUMENTATION_COMMENTS = YES;
				CLANG_WARN_EMPTY_BODY = YES;
				CLANG_WARN_ENUM_CONVERSION = YES;
				CLANG_WARN_INFINITE_RECURSION = YES;
				CLANG_WARN_INT_CONVERSION = YES;
				CLANG_WARN_NON_LITERAL_NULL_CONVERSION = YES;
				CLANG_WARN_OBJC_IMPLICIT_RETAIN_SELF = YES;
				CLANG_WARN_OBJC_LITERAL_CONVERSION = YES;
				CLANG_WARN_OBJC_ROOT_CLASS = YES_ERROR;
				CLANG_WARN_QUOTED_INCLUDE_IN_FRAMEWORK_HEADER = YES;
				CLANG_WARN_RANGE_LOOP_ANALYSIS = YES;
				CLANG_WARN_STRICT_PROTOTYPES = YES;
				CLANG_WARN_SUSPICIOUS_MOVE = YES;
				CLANG_WARN_UNGUARDED_AVAILABILITY = YES_AGGRESSIVE;
				CLANG_WARN_UNREACHABLE_CODE = YES;
				CLANG_WARN__DUPLICATE_METHOD_MATCH = YES;
				COPY_PHASE_STRIP = NO;
				DEBUG_INFORMATION_FORMAT = dwarf;
				ENABLE_STRICT_OBJC_MSGSEND = YES;
				ENABLE_TESTABILITY = YES;
				GCC_C_LANGUAGE_STANDARD = gnu11;
				GCC_DYNAMIC_NO_PIC = NO;
				GCC_NO_COMMON_BLOCKS = YES;
				GCC_OPTIMIZATION_LEVEL = 0;
				GCC_PREPROCESSOR_DEFINITIONS = (
					"DEBUG=1",
					"$(inherited)",
				);
				GCC_WARN_64_TO_32_BIT_CONVERSION = YES;
				GCC_WARN_ABOUT_RETURN_TYPE = YES_ERROR;
				GCC_WARN_UNDECLARED_SELECTOR = YES;
				GCC_WARN_UNINITIALIZED_AUTOS = YES_AGGRESSIVE;
				GCC_WARN_UNUSED_FUNCTION = YES;
				GCC_WARN_UNUSED_VARIABLE = YES;
				IPHONEOS_DEPLOYMENT_TARGET = 16.4;
				MTL_ENABLE_DEBUG_INFO = INCLUDE_SOURCE;
				MTL_FAST_MATH = YES;
				ONLY_ACTIVE_ARCH = YES;
				SDKROOT = iphoneos;
				SWIFT_ACTIVE_COMPILATION_CONDITIONS = DEBUG;
				SWIFT_OPTIMIZATION_LEVEL = "-Onone";
			};
			name = Debug;
		};
		A372738529FAD7E200CC25B2 /* Release */ = {
			isa = XCBuildConfiguration;
			buildSettings = {
				ALWAYS_SEARCH_USER_PATHS = NO;
				CLANG_ANALYZER_NONNULL = YES;
				CLANG_ANALYZER_NUMBER_OBJECT_CONVERSION = YES_AGGRESSIVE;
				CLANG_CXX_LANGUAGE_STANDARD = "gnu++20";
				CLANG_ENABLE_MODULES = YES;
				CLANG_ENABLE_OBJC_ARC = YES;
				CLANG_ENABLE_OBJC_WEAK = YES;
				CLANG_WARN_BLOCK_CAPTURE_AUTORELEASING = YES;
				CLANG_WARN_BOOL_CONVERSION = YES;
				CLANG_WARN_COMMA = YES;
				CLANG_WARN_CONSTANT_CONVERSION = YES;
				CLANG_WARN_DEPRECATED_OBJC_IMPLEMENTATIONS = YES;
				CLANG_WARN_DIRECT_OBJC_ISA_USAGE = YES_ERROR;
				CLANG_WARN_DOCUMENTATION_COMMENTS = YES;
				CLANG_WARN_EMPTY_BODY = YES;
				CLANG_WARN_ENUM_CONVERSION = YES;
				CLANG_WARN_INFINITE_RECURSION = YES;
				CLANG_WARN_INT_CONVERSION = YES;
				CLANG_WARN_NON_LITERAL_NULL_CONVERSION = YES;
				CLANG_WARN_OBJC_IMPLICIT_RETAIN_SELF = YES;
				CLANG_WARN_OBJC_LITERAL_CONVERSION = YES;
				CLANG_WARN_OBJC_ROOT_CLASS = YES_ERROR;
				CLANG_WARN_QUOTED_INCLUDE_IN_FRAMEWORK_HEADER = YES;
				CLANG_WARN_RANGE_LOOP_ANALYSIS = YES;
				CLANG_WARN_STRICT_PROTOTYPES = YES;
				CLANG_WARN_SUSPICIOUS_MOVE = YES;
				CLANG_WARN_UNGUARDED_AVAILABILITY = YES_AGGRESSIVE;
				CLANG_WARN_UNREACHABLE_CODE = YES;
				CLANG_WARN__DUPLICATE_METHOD_MATCH = YES;
				COPY_PHASE_STRIP = NO;
				DEBUG_INFORMATION_FORMAT = "dwarf-with-dsym";
				ENABLE_NS_ASSERTIONS = NO;
				ENABLE_STRICT_OBJC_MSGSEND = YES;
				GCC_C_LANGUAGE_STANDARD = gnu11;
				GCC_NO_COMMON_BLOCKS = YES;
				GCC_WARN_64_TO_32_BIT_CONVERSION = YES;
				GCC_WARN_ABOUT_RETURN_TYPE = YES_ERROR;
				GCC_WARN_UNDECLARED_SELECTOR = YES;
				GCC_WARN_UNINITIALIZED_AUTOS = YES_AGGRESSIVE;
				GCC_WARN_UNUSED_FUNCTION = YES;
				GCC_WARN_UNUSED_VARIABLE = YES;
				IPHONEOS_DEPLOYMENT_TARGET = 16.4;
				MTL_ENABLE_DEBUG_INFO = NO;
				MTL_FAST_MATH = YES;
				SDKROOT = iphoneos;
				SWIFT_COMPILATION_MODE = wholemodule;
				SWIFT_OPTIMIZATION_LEVEL = "-O";
				VALIDATE_PRODUCT = YES;
			};
			name = Release;
		};
		A372738729FAD7E200CC25B2 /* Debug */ = {
			isa = XCBuildConfiguration;
			buildSettings = {
				ASSETCATALOG_COMPILER_APPICON_NAME = AppIcon;
				ASSETCATALOG_COMPILER_GLOBAL_ACCENT_COLOR_NAME = AccentColor;
				CODE_SIGN_STYLE = Automatic;
				CURRENT_PROJECT_VERSION = 1;
				GENERATE_INFOPLIST_FILE = YES;
				INFOPLIST_FILE = MarvelApp/Info.plist;
				INFOPLIST_KEY_UIApplicationSupportsIndirectInputEvents = YES;
				INFOPLIST_KEY_UILaunchStoryboardName = LaunchScreen;
				INFOPLIST_KEY_UISupportedInterfaceOrientations_iPad = "UIInterfaceOrientationPortrait UIInterfaceOrientationPortraitUpsideDown UIInterfaceOrientationLandscapeLeft UIInterfaceOrientationLandscapeRight";
				INFOPLIST_KEY_UISupportedInterfaceOrientations_iPhone = "UIInterfaceOrientationPortrait UIInterfaceOrientationLandscapeLeft UIInterfaceOrientationLandscapeRight";
				LD_RUNPATH_SEARCH_PATHS = (
					"$(inherited)",
					"@executable_path/Frameworks",
				);
				MARKETING_VERSION = 1.0;
				PRODUCT_BUNDLE_IDENTIFIER = marcelosimim.MarvelApp;
				PRODUCT_NAME = "$(TARGET_NAME)";
				SWIFT_EMIT_LOC_STRINGS = YES;
				SWIFT_VERSION = 5.0;
				TARGETED_DEVICE_FAMILY = "1,2";
			};
			name = Debug;
		};
		A372738829FAD7E200CC25B2 /* Release */ = {
			isa = XCBuildConfiguration;
			buildSettings = {
				ASSETCATALOG_COMPILER_APPICON_NAME = AppIcon;
				ASSETCATALOG_COMPILER_GLOBAL_ACCENT_COLOR_NAME = AccentColor;
				CODE_SIGN_STYLE = Automatic;
				CURRENT_PROJECT_VERSION = 1;
				GENERATE_INFOPLIST_FILE = YES;
				INFOPLIST_FILE = MarvelApp/Info.plist;
				INFOPLIST_KEY_UIApplicationSupportsIndirectInputEvents = YES;
				INFOPLIST_KEY_UILaunchStoryboardName = LaunchScreen;
				INFOPLIST_KEY_UISupportedInterfaceOrientations_iPad = "UIInterfaceOrientationPortrait UIInterfaceOrientationPortraitUpsideDown UIInterfaceOrientationLandscapeLeft UIInterfaceOrientationLandscapeRight";
				INFOPLIST_KEY_UISupportedInterfaceOrientations_iPhone = "UIInterfaceOrientationPortrait UIInterfaceOrientationLandscapeLeft UIInterfaceOrientationLandscapeRight";
				LD_RUNPATH_SEARCH_PATHS = (
					"$(inherited)",
					"@executable_path/Frameworks",
				);
				MARKETING_VERSION = 1.0;
				PRODUCT_BUNDLE_IDENTIFIER = marcelosimim.MarvelApp;
				PRODUCT_NAME = "$(TARGET_NAME)";
				SWIFT_EMIT_LOC_STRINGS = YES;
				SWIFT_VERSION = 5.0;
				TARGETED_DEVICE_FAMILY = "1,2";
			};
			name = Release;
		};
		A372738A29FAD7E200CC25B2 /* Debug */ = {
			isa = XCBuildConfiguration;
			buildSettings = {
				ALWAYS_EMBED_SWIFT_STANDARD_LIBRARIES = YES;
				BUNDLE_LOADER = "$(TEST_HOST)";
				CODE_SIGN_STYLE = Automatic;
				CURRENT_PROJECT_VERSION = 1;
				GENERATE_INFOPLIST_FILE = YES;
				IPHONEOS_DEPLOYMENT_TARGET = 16.4;
				MARKETING_VERSION = 1.0;
				PRODUCT_BUNDLE_IDENTIFIER = marcelosimim.MarvelAppTests;
				PRODUCT_NAME = "$(TARGET_NAME)";
				SWIFT_EMIT_LOC_STRINGS = NO;
				SWIFT_VERSION = 5.0;
				TARGETED_DEVICE_FAMILY = "1,2";
				TEST_HOST = "$(BUILT_PRODUCTS_DIR)/MarvelApp.app/$(BUNDLE_EXECUTABLE_FOLDER_PATH)/MarvelApp";
			};
			name = Debug;
		};
		A372738B29FAD7E200CC25B2 /* Release */ = {
			isa = XCBuildConfiguration;
			buildSettings = {
				ALWAYS_EMBED_SWIFT_STANDARD_LIBRARIES = YES;
				BUNDLE_LOADER = "$(TEST_HOST)";
				CODE_SIGN_STYLE = Automatic;
				CURRENT_PROJECT_VERSION = 1;
				GENERATE_INFOPLIST_FILE = YES;
				IPHONEOS_DEPLOYMENT_TARGET = 16.4;
				MARKETING_VERSION = 1.0;
				PRODUCT_BUNDLE_IDENTIFIER = marcelosimim.MarvelAppTests;
				PRODUCT_NAME = "$(TARGET_NAME)";
				SWIFT_EMIT_LOC_STRINGS = NO;
				SWIFT_VERSION = 5.0;
				TARGETED_DEVICE_FAMILY = "1,2";
				TEST_HOST = "$(BUILT_PRODUCTS_DIR)/MarvelApp.app/$(BUNDLE_EXECUTABLE_FOLDER_PATH)/MarvelApp";
			};
			name = Release;
		};
		A372738D29FAD7E200CC25B2 /* Debug */ = {
			isa = XCBuildConfiguration;
			buildSettings = {
				ALWAYS_EMBED_SWIFT_STANDARD_LIBRARIES = YES;
				CODE_SIGN_STYLE = Automatic;
				CURRENT_PROJECT_VERSION = 1;
				GENERATE_INFOPLIST_FILE = YES;
				MARKETING_VERSION = 1.0;
				PRODUCT_BUNDLE_IDENTIFIER = marcelosimim.MarvelAppUITests;
				PRODUCT_NAME = "$(TARGET_NAME)";
				SWIFT_EMIT_LOC_STRINGS = NO;
				SWIFT_VERSION = 5.0;
				TARGETED_DEVICE_FAMILY = "1,2";
				TEST_TARGET_NAME = MarvelApp;
			};
			name = Debug;
		};
		A372738E29FAD7E200CC25B2 /* Release */ = {
			isa = XCBuildConfiguration;
			buildSettings = {
				ALWAYS_EMBED_SWIFT_STANDARD_LIBRARIES = YES;
				CODE_SIGN_STYLE = Automatic;
				CURRENT_PROJECT_VERSION = 1;
				GENERATE_INFOPLIST_FILE = YES;
				MARKETING_VERSION = 1.0;
				PRODUCT_BUNDLE_IDENTIFIER = marcelosimim.MarvelAppUITests;
				PRODUCT_NAME = "$(TARGET_NAME)";
				SWIFT_EMIT_LOC_STRINGS = NO;
				SWIFT_VERSION = 5.0;
				TARGETED_DEVICE_FAMILY = "1,2";
				TEST_TARGET_NAME = MarvelApp;
			};
			name = Release;
		};
/* End XCBuildConfiguration section */

/* Begin XCConfigurationList section */
		A372735429FAD7E100CC25B2 /* Build configuration list for PBXProject "MarvelApp" */ = {
			isa = XCConfigurationList;
			buildConfigurations = (
				A372738429FAD7E200CC25B2 /* Debug */,
				A372738529FAD7E200CC25B2 /* Release */,
			);
			defaultConfigurationIsVisible = 0;
			defaultConfigurationName = Release;
		};
		A372738629FAD7E200CC25B2 /* Build configuration list for PBXNativeTarget "MarvelApp" */ = {
			isa = XCConfigurationList;
			buildConfigurations = (
				A372738729FAD7E200CC25B2 /* Debug */,
				A372738829FAD7E200CC25B2 /* Release */,
			);
			defaultConfigurationIsVisible = 0;
			defaultConfigurationName = Release;
		};
		A372738929FAD7E200CC25B2 /* Build configuration list for PBXNativeTarget "MarvelAppTests" */ = {
			isa = XCConfigurationList;
			buildConfigurations = (
				A372738A29FAD7E200CC25B2 /* Debug */,
				A372738B29FAD7E200CC25B2 /* Release */,
			);
			defaultConfigurationIsVisible = 0;
			defaultConfigurationName = Release;
		};
		A372738C29FAD7E200CC25B2 /* Build configuration list for PBXNativeTarget "MarvelAppUITests" */ = {
			isa = XCConfigurationList;
			buildConfigurations = (
				A372738D29FAD7E200CC25B2 /* Debug */,
				A372738E29FAD7E200CC25B2 /* Release */,
			);
			defaultConfigurationIsVisible = 0;
			defaultConfigurationName = Release;
		};
/* End XCConfigurationList section */

/* Begin XCVersionGroup section */
		A372736529FAD7E100CC25B2 /* MarvelApp.xcdatamodeld */ = {
			isa = XCVersionGroup;
			children = (
				A372736629FAD7E100CC25B2 /* MarvelApp.xcdatamodel */,
			);
			currentVersion = A372736629FAD7E100CC25B2 /* MarvelApp.xcdatamodel */;
			path = MarvelApp.xcdatamodeld;
			sourceTree = "<group>";
			versionGroupType = wrapper.xcdatamodel;
		};
/* End XCVersionGroup section */
	};
	rootObject = A372735129FAD7E100CC25B2 /* Project object */;
}
